
Microsoft Visual Studio Solution File, Format Version 12.00
# Visual Studio Version 17
VisualStudioVersion = 17.13.35931.197
MinimumVisualStudioVersion = 10.0.40219.1
Project("{FAE04EC0-301F-11D3-BF4B-00C04F79EFBC}") = "MZ.App", "MZ.App\MZ.App.csproj", "{D37BF3F0-3535-4DC8-B1B2-49088664EBF5}"
EndProject
Project("{FAE04EC0-301F-11D3-BF4B-00C04F79EFBC}") = "MZ.Core", "MZ.Core\MZ.Core.csproj", "{7D3CB74D-93FD-45EA-95A7-9CCA663FFA7C}"
EndProject
Project("{2150E333-8FDC-42A3-9474-1A3956D46DE8}") = "Templates", "Templates", "{C8D5274F-AC00-46C7-1F8D-E88E81087A52}"
EndProject
Project("{2150E333-8FDC-42A3-9474-1A3956D46DE8}") = "Clients", "Clients", "{E3E90B62-DD96-4065-AE15-101A5395853F}"
EndProject
Project("{FAE04EC0-301F-11D3-BF4B-00C04F79EFBC}") = "MZ.Splash", "MZ.Splash\MZ.Splash.csproj", "{81799178-4A63-4692-80FE-B9E204B30823}"
EndProject
Project("{FAE04EC0-301F-11D3-BF4B-00C04F79EFBC}") = "MZ.Dashboard", "MZ.Dashboard\MZ.Dashboard.csproj", "{F1C590B6-7EFF-49C8-A713-D6AFAFE8F97C}"
EndProject
Project("{FAE04EC0-301F-11D3-BF4B-00C04F79EFBC}") = "MZ.Dialog", "MZ.Dialog\MZ.Dialog.csproj", "{A382ED86-498A-4ACE-BF35-EB856E0C040C}"
EndProject
Project("{FAE04EC0-301F-11D3-BF4B-00C04F79EFBC}") = "MZ.Resource", "MZ.Resource\MZ.Resource.csproj", "{8EC00626-4C42-4FEC-B3BB-D42AD6EF9F0D}"
EndProject
Project("{FAE04EC0-301F-11D3-BF4B-00C04F79EFBC}") = "MZ.Logger", "MZ.Logger\MZ.Logger.csproj", "{2316B6F9-8BA7-46FA-AA04-3A00BF2C8A92}"
EndProject
Project("{FAE04EC0-301F-11D3-BF4B-00C04F79EFBC}") = "MZ.Util", "MZ.Util\MZ.Util.csproj", "{12E8DAD7-7BA9-4AB7-9FC8-F115CA653A4C}"
EndProject
Project("{FAE04EC0-301F-11D3-BF4B-00C04F79EFBC}") = "MZ.Vision", "MZ.Vision\MZ.Vision.csproj", "{FA94B42C-F050-40FC-9CC7-F6BA80C24DAE}"
EndProject
Project("{FAE04EC0-301F-11D3-BF4B-00C04F79EFBC}") = "MZ.Domain", "MZ.Domain\MZ.Domain.csproj", "{BCA2C55D-76B3-4BDC-8649-15BA5049EE34}"
EndProject
Project("{FAE04EC0-301F-11D3-BF4B-00C04F79EFBC}") = "MZ.DTO", "MZ.DTO\MZ.DTO.csproj", "{7357962C-4231-4CC4-9D94-552DDA424786}"
EndProject
Project("{2150E333-8FDC-42A3-9474-1A3956D46DE8}") = "Databases", "Databases", "{6669B406-0876-411D-B8DB-FCCDF22364F5}"
EndProject
Project("{FAE04EC0-301F-11D3-BF4B-00C04F79EFBC}") = "MZ.Infrastructure", "MZ.Infrastructure\MZ.Infrastructure.csproj", "{9600B0CD-631C-411E-B8CF-B3FE563EBC85}"
EndProject
Project("{FAE04EC0-301F-11D3-BF4B-00C04F79EFBC}") = "MZ.Language", "MZ.Language\MZ.Language.csproj", "{39F472D4-E633-435F-B0AB-6F46CA81DE1E}"
EndProject
Project("{FAE04EC0-301F-11D3-BF4B-00C04F79EFBC}") = "MZ.Loading", "MZ.Loading\MZ.Loading.csproj", "{5D6AAEB8-E506-4440-ACA3-397A3307947C}"
EndProject
Project("{FAE04EC0-301F-11D3-BF4B-00C04F79EFBC}") = "MZ.Auth", "MZ.Auth\MZ.Auth.csproj", "{31436DD1-54C0-4AA4-832C-C4312476A64B}"
EndProject
Project("{FAE04EC0-301F-11D3-BF4B-00C04F79EFBC}") = "MZ.Blank", "MZ.Blank\MZ.Blank.csproj", "{0BACC270-2AC1-4DC8-87D3-93CF17E94CAD}"
EndProject
Project("{2150E333-8FDC-42A3-9474-1A3956D46DE8}") = "Engines", "Engines", "{4ADC0689-99F2-4836-9858-F999F128745B}"
EndProject
Project("{FAE04EC0-301F-11D3-BF4B-00C04F79EFBC}") = "MZ.Xray.Engine", "MZ.Xray.Engine\MZ.Xray.Engine.csproj", "{46FBA5FC-CCA8-4C60-A4EF-FF5E0C01EE2B}"
EndProject
Project("{FAE04EC0-301F-11D3-BF4B-00C04F79EFBC}") = "MZ.AI.Engine", "MZ.AI.Engine\MZ.AI.Engine.csproj", "{77D0D9CA-B7D7-4545-8EF5-891B62772749}"
EndProject
Project("{FAE04EC0-301F-11D3-BF4B-00C04F79EFBC}") = "MZ.Event", "MZ.Event\MZ.Event.csproj", "{07745122-6FE4-4E83-BDE2-1F8134343049}"
EndProject
Project("{FAE04EC0-301F-11D3-BF4B-00C04F79EFBC}") = "MZ.WindowDialog", "MZ.WindowDialog\MZ.WindowDialog.csproj", "{992909B1-CBFC-4F39-A732-54C4FF8BA66A}"
EndProject
Project("{FAE04EC0-301F-11D3-BF4B-00C04F79EFBC}") = "MZ.Model", "MZ.Model\MZ.Model.csproj", "{0C7C3066-2B02-46D3-BA73-4B4F42EDD22F}"
EndProject
Global
	GlobalSection(SolutionConfigurationPlatforms) = preSolution
		Debug|Any CPU = Debug|Any CPU
		Debug|ARM64 = Debug|ARM64
		Debug|x64 = Debug|x64
		Debug|x86 = Debug|x86
		Release|Any CPU = Release|Any CPU
		Release|ARM64 = Release|ARM64
		Release|x64 = Release|x64
		Release|x86 = Release|x86
	EndGlobalSection
	GlobalSection(ProjectConfigurationPlatforms) = postSolution
		{D37BF3F0-3535-4DC8-B1B2-49088664EBF5}.Debug|Any CPU.ActiveCfg = Debug|Any CPU
		{D37BF3F0-3535-4DC8-B1B2-49088664EBF5}.Debug|Any CPU.Build.0 = Debug|Any CPU
		{D37BF3F0-3535-4DC8-B1B2-49088664EBF5}.Debug|ARM64.ActiveCfg = Debug|Any CPU
		{D37BF3F0-3535-4DC8-B1B2-49088664EBF5}.Debug|ARM64.Build.0 = Debug|Any CPU
		{D37BF3F0-3535-4DC8-B1B2-49088664EBF5}.Debug|x64.ActiveCfg = Debug|x64
		{D37BF3F0-3535-4DC8-B1B2-49088664EBF5}.Debug|x64.Build.0 = Debug|x64
		{D37BF3F0-3535-4DC8-B1B2-49088664EBF5}.Debug|x86.ActiveCfg = Debug|Any CPU
		{D37BF3F0-3535-4DC8-B1B2-49088664EBF5}.Debug|x86.Build.0 = Debug|Any CPU
		{D37BF3F0-3535-4DC8-B1B2-49088664EBF5}.Release|Any CPU.ActiveCfg = Release|Any CPU
		{D37BF3F0-3535-4DC8-B1B2-49088664EBF5}.Release|Any CPU.Build.0 = Release|Any CPU
		{D37BF3F0-3535-4DC8-B1B2-49088664EBF5}.Release|ARM64.ActiveCfg = Release|Any CPU
		{D37BF3F0-3535-4DC8-B1B2-49088664EBF5}.Release|ARM64.Build.0 = Release|Any CPU
		{D37BF3F0-3535-4DC8-B1B2-49088664EBF5}.Release|x64.ActiveCfg = Release|x64
		{D37BF3F0-3535-4DC8-B1B2-49088664EBF5}.Release|x64.Build.0 = Release|x64
		{D37BF3F0-3535-4DC8-B1B2-49088664EBF5}.Release|x86.ActiveCfg = Release|Any CPU
		{D37BF3F0-3535-4DC8-B1B2-49088664EBF5}.Release|x86.Build.0 = Release|Any CPU
		{7D3CB74D-93FD-45EA-95A7-9CCA663FFA7C}.Debug|Any CPU.ActiveCfg = Debug|Any CPU
		{7D3CB74D-93FD-45EA-95A7-9CCA663FFA7C}.Debug|Any CPU.Build.0 = Debug|Any CPU
		{7D3CB74D-93FD-45EA-95A7-9CCA663FFA7C}.Debug|ARM64.ActiveCfg = Debug|Any CPU
		{7D3CB74D-93FD-45EA-95A7-9CCA663FFA7C}.Debug|ARM64.Build.0 = Debug|Any CPU
		{7D3CB74D-93FD-45EA-95A7-9CCA663FFA7C}.Debug|x64.ActiveCfg = Debug|x64
		{7D3CB74D-93FD-45EA-95A7-9CCA663FFA7C}.Debug|x64.Build.0 = Debug|x64
		{7D3CB74D-93FD-45EA-95A7-9CCA663FFA7C}.Debug|x86.ActiveCfg = Debug|Any CPU
		{7D3CB74D-93FD-45EA-95A7-9CCA663FFA7C}.Debug|x86.Build.0 = Debug|Any CPU
		{7D3CB74D-93FD-45EA-95A7-9CCA663FFA7C}.Release|Any CPU.ActiveCfg = Release|Any CPU
		{7D3CB74D-93FD-45EA-95A7-9CCA663FFA7C}.Release|Any CPU.Build.0 = Release|Any CPU
		{7D3CB74D-93FD-45EA-95A7-9CCA663FFA7C}.Release|ARM64.ActiveCfg = Release|Any CPU
		{7D3CB74D-93FD-45EA-95A7-9CCA663FFA7C}.Release|ARM64.Build.0 = Release|Any CPU
		{7D3CB74D-93FD-45EA-95A7-9CCA663FFA7C}.Release|x64.ActiveCfg = Release|x64
		{7D3CB74D-93FD-45EA-95A7-9CCA663FFA7C}.Release|x64.Build.0 = Release|x64
		{7D3CB74D-93FD-45EA-95A7-9CCA663FFA7C}.Release|x86.ActiveCfg = Release|Any CPU
		{7D3CB74D-93FD-45EA-95A7-9CCA663FFA7C}.Release|x86.Build.0 = Release|Any CPU
		{81799178-4A63-4692-80FE-B9E204B30823}.Debug|Any CPU.ActiveCfg = Debug|Any CPU
		{81799178-4A63-4692-80FE-B9E204B30823}.Debug|Any CPU.Build.0 = Debug|Any CPU
		{81799178-4A63-4692-80FE-B9E204B30823}.Debug|ARM64.ActiveCfg = Debug|Any CPU
		{81799178-4A63-4692-80FE-B9E204B30823}.Debug|ARM64.Build.0 = Debug|Any CPU
		{81799178-4A63-4692-80FE-B9E204B30823}.Debug|x64.ActiveCfg = Debug|x64
		{81799178-4A63-4692-80FE-B9E204B30823}.Debug|x64.Build.0 = Debug|x64
		{81799178-4A63-4692-80FE-B9E204B30823}.Debug|x86.ActiveCfg = Debug|Any CPU
		{81799178-4A63-4692-80FE-B9E204B30823}.Debug|x86.Build.0 = Debug|Any CPU
		{81799178-4A63-4692-80FE-B9E204B30823}.Release|Any CPU.ActiveCfg = Release|Any CPU
		{81799178-4A63-4692-80FE-B9E204B30823}.Release|Any CPU.Build.0 = Release|Any CPU
		{81799178-4A63-4692-80FE-B9E204B30823}.Release|ARM64.ActiveCfg = Release|Any CPU
		{81799178-4A63-4692-80FE-B9E204B30823}.Release|ARM64.Build.0 = Release|Any CPU
		{81799178-4A63-4692-80FE-B9E204B30823}.Release|x64.ActiveCfg = Release|x64
		{81799178-4A63-4692-80FE-B9E204B30823}.Release|x64.Build.0 = Release|x64
		{81799178-4A63-4692-80FE-B9E204B30823}.Release|x86.ActiveCfg = Release|Any CPU
		{81799178-4A63-4692-80FE-B9E204B30823}.Release|x86.Build.0 = Release|Any CPU
		{F1C590B6-7EFF-49C8-A713-D6AFAFE8F97C}.Debug|Any CPU.ActiveCfg = Debug|Any CPU
		{F1C590B6-7EFF-49C8-A713-D6AFAFE8F97C}.Debug|Any CPU.Build.0 = Debug|Any CPU
		{F1C590B6-7EFF-49C8-A713-D6AFAFE8F97C}.Debug|ARM64.ActiveCfg = Debug|Any CPU
		{F1C590B6-7EFF-49C8-A713-D6AFAFE8F97C}.Debug|ARM64.Build.0 = Debug|Any CPU
		{F1C590B6-7EFF-49C8-A713-D6AFAFE8F97C}.Debug|x64.ActiveCfg = Debug|x64
		{F1C590B6-7EFF-49C8-A713-D6AFAFE8F97C}.Debug|x64.Build.0 = Debug|x64
		{F1C590B6-7EFF-49C8-A713-D6AFAFE8F97C}.Debug|x86.ActiveCfg = Debug|Any CPU
		{F1C590B6-7EFF-49C8-A713-D6AFAFE8F97C}.Debug|x86.Build.0 = Debug|Any CPU
		{F1C590B6-7EFF-49C8-A713-D6AFAFE8F97C}.Release|Any CPU.ActiveCfg = Release|Any CPU
		{F1C590B6-7EFF-49C8-A713-D6AFAFE8F97C}.Release|Any CPU.Build.0 = Release|Any CPU
		{F1C590B6-7EFF-49C8-A713-D6AFAFE8F97C}.Release|ARM64.ActiveCfg = Release|Any CPU
		{F1C590B6-7EFF-49C8-A713-D6AFAFE8F97C}.Release|ARM64.Build.0 = Release|Any CPU
		{F1C590B6-7EFF-49C8-A713-D6AFAFE8F97C}.Release|x64.ActiveCfg = Release|x64
		{F1C590B6-7EFF-49C8-A713-D6AFAFE8F97C}.Release|x64.Build.0 = Release|x64
		{F1C590B6-7EFF-49C8-A713-D6AFAFE8F97C}.Release|x86.ActiveCfg = Release|Any CPU
		{F1C590B6-7EFF-49C8-A713-D6AFAFE8F97C}.Release|x86.Build.0 = Release|Any CPU
		{A382ED86-498A-4ACE-BF35-EB856E0C040C}.Debug|Any CPU.ActiveCfg = Debug|Any CPU
		{A382ED86-498A-4ACE-BF35-EB856E0C040C}.Debug|Any CPU.Build.0 = Debug|Any CPU
		{A382ED86-498A-4ACE-BF35-EB856E0C040C}.Debug|ARM64.ActiveCfg = Debug|Any CPU
		{A382ED86-498A-4ACE-BF35-EB856E0C040C}.Debug|ARM64.Build.0 = Debug|Any CPU
		{A382ED86-498A-4ACE-BF35-EB856E0C040C}.Debug|x64.ActiveCfg = Debug|x64
		{A382ED86-498A-4ACE-BF35-EB856E0C040C}.Debug|x64.Build.0 = Debug|x64
		{A382ED86-498A-4ACE-BF35-EB856E0C040C}.Debug|x86.ActiveCfg = Debug|Any CPU
		{A382ED86-498A-4ACE-BF35-EB856E0C040C}.Debug|x86.Build.0 = Debug|Any CPU
		{A382ED86-498A-4ACE-BF35-EB856E0C040C}.Release|Any CPU.ActiveCfg = Release|Any CPU
		{A382ED86-498A-4ACE-BF35-EB856E0C040C}.Release|Any CPU.Build.0 = Release|Any CPU
		{A382ED86-498A-4ACE-BF35-EB856E0C040C}.Release|ARM64.ActiveCfg = Release|Any CPU
		{A382ED86-498A-4ACE-BF35-EB856E0C040C}.Release|ARM64.Build.0 = Release|Any CPU
		{A382ED86-498A-4ACE-BF35-EB856E0C040C}.Release|x64.ActiveCfg = Release|x64
		{A382ED86-498A-4ACE-BF35-EB856E0C040C}.Release|x64.Build.0 = Release|x64
		{A382ED86-498A-4ACE-BF35-EB856E0C040C}.Release|x86.ActiveCfg = Release|Any CPU
		{A382ED86-498A-4ACE-BF35-EB856E0C040C}.Release|x86.Build.0 = Release|Any CPU
		{8EC00626-4C42-4FEC-B3BB-D42AD6EF9F0D}.Debug|Any CPU.ActiveCfg = Debug|Any CPU
		{8EC00626-4C42-4FEC-B3BB-D42AD6EF9F0D}.Debug|Any CPU.Build.0 = Debug|Any CPU
		{8EC00626-4C42-4FEC-B3BB-D42AD6EF9F0D}.Debug|ARM64.ActiveCfg = Debug|Any CPU
		{8EC00626-4C42-4FEC-B3BB-D42AD6EF9F0D}.Debug|ARM64.Build.0 = Debug|Any CPU
		{8EC00626-4C42-4FEC-B3BB-D42AD6EF9F0D}.Debug|x64.ActiveCfg = Debug|x64
		{8EC00626-4C42-4FEC-B3BB-D42AD6EF9F0D}.Debug|x64.Build.0 = Debug|x64
		{8EC00626-4C42-4FEC-B3BB-D42AD6EF9F0D}.Debug|x86.ActiveCfg = Debug|Any CPU
		{8EC00626-4C42-4FEC-B3BB-D42AD6EF9F0D}.Debug|x86.Build.0 = Debug|Any CPU
		{8EC00626-4C42-4FEC-B3BB-D42AD6EF9F0D}.Release|Any CPU.ActiveCfg = Release|Any CPU
		{8EC00626-4C42-4FEC-B3BB-D42AD6EF9F0D}.Release|Any CPU.Build.0 = Release|Any CPU
		{8EC00626-4C42-4FEC-B3BB-D42AD6EF9F0D}.Release|ARM64.ActiveCfg = Release|Any CPU
		{8EC00626-4C42-4FEC-B3BB-D42AD6EF9F0D}.Release|ARM64.Build.0 = Release|Any CPU
		{8EC00626-4C42-4FEC-B3BB-D42AD6EF9F0D}.Release|x64.ActiveCfg = Release|x64
		{8EC00626-4C42-4FEC-B3BB-D42AD6EF9F0D}.Release|x64.Build.0 = Release|x64
		{8EC00626-4C42-4FEC-B3BB-D42AD6EF9F0D}.Release|x86.ActiveCfg = Release|Any CPU
		{8EC00626-4C42-4FEC-B3BB-D42AD6EF9F0D}.Release|x86.Build.0 = Release|Any CPU
		{2316B6F9-8BA7-46FA-AA04-3A00BF2C8A92}.Debug|Any CPU.ActiveCfg = Debug|Any CPU
		{2316B6F9-8BA7-46FA-AA04-3A00BF2C8A92}.Debug|Any CPU.Build.0 = Debug|Any CPU
		{2316B6F9-8BA7-46FA-AA04-3A00BF2C8A92}.Debug|ARM64.ActiveCfg = Debug|Any CPU
		{2316B6F9-8BA7-46FA-AA04-3A00BF2C8A92}.Debug|ARM64.Build.0 = Debug|Any CPU
		{2316B6F9-8BA7-46FA-AA04-3A00BF2C8A92}.Debug|x64.ActiveCfg = Debug|x64
		{2316B6F9-8BA7-46FA-AA04-3A00BF2C8A92}.Debug|x64.Build.0 = Debug|x64
		{2316B6F9-8BA7-46FA-AA04-3A00BF2C8A92}.Debug|x86.ActiveCfg = Debug|Any CPU
		{2316B6F9-8BA7-46FA-AA04-3A00BF2C8A92}.Debug|x86.Build.0 = Debug|Any CPU
		{2316B6F9-8BA7-46FA-AA04-3A00BF2C8A92}.Release|Any CPU.ActiveCfg = Release|Any CPU
		{2316B6F9-8BA7-46FA-AA04-3A00BF2C8A92}.Release|Any CPU.Build.0 = Release|Any CPU
		{2316B6F9-8BA7-46FA-AA04-3A00BF2C8A92}.Release|ARM64.ActiveCfg = Release|Any CPU
		{2316B6F9-8BA7-46FA-AA04-3A00BF2C8A92}.Release|ARM64.Build.0 = Release|Any CPU
		{2316B6F9-8BA7-46FA-AA04-3A00BF2C8A92}.Release|x64.ActiveCfg = Release|x64
		{2316B6F9-8BA7-46FA-AA04-3A00BF2C8A92}.Release|x64.Build.0 = Release|x64
		{2316B6F9-8BA7-46FA-AA04-3A00BF2C8A92}.Release|x86.ActiveCfg = Release|Any CPU
		{2316B6F9-8BA7-46FA-AA04-3A00BF2C8A92}.Release|x86.Build.0 = Release|Any CPU
		{12E8DAD7-7BA9-4AB7-9FC8-F115CA653A4C}.Debug|Any CPU.ActiveCfg = Debug|Any CPU
		{12E8DAD7-7BA9-4AB7-9FC8-F115CA653A4C}.Debug|Any CPU.Build.0 = Debug|Any CPU
		{12E8DAD7-7BA9-4AB7-9FC8-F115CA653A4C}.Debug|ARM64.ActiveCfg = Debug|Any CPU
		{12E8DAD7-7BA9-4AB7-9FC8-F115CA653A4C}.Debug|ARM64.Build.0 = Debug|Any CPU
		{12E8DAD7-7BA9-4AB7-9FC8-F115CA653A4C}.Debug|x64.ActiveCfg = Debug|x64
		{12E8DAD7-7BA9-4AB7-9FC8-F115CA653A4C}.Debug|x64.Build.0 = Debug|x64
		{12E8DAD7-7BA9-4AB7-9FC8-F115CA653A4C}.Debug|x86.ActiveCfg = Debug|Any CPU
		{12E8DAD7-7BA9-4AB7-9FC8-F115CA653A4C}.Debug|x86.Build.0 = Debug|Any CPU
		{12E8DAD7-7BA9-4AB7-9FC8-F115CA653A4C}.Release|Any CPU.ActiveCfg = Release|Any CPU
		{12E8DAD7-7BA9-4AB7-9FC8-F115CA653A4C}.Release|Any CPU.Build.0 = Release|Any CPU
		{12E8DAD7-7BA9-4AB7-9FC8-F115CA653A4C}.Release|ARM64.ActiveCfg = Release|Any CPU
		{12E8DAD7-7BA9-4AB7-9FC8-F115CA653A4C}.Release|ARM64.Build.0 = Release|Any CPU
		{12E8DAD7-7BA9-4AB7-9FC8-F115CA653A4C}.Release|x64.ActiveCfg = Release|x64
		{12E8DAD7-7BA9-4AB7-9FC8-F115CA653A4C}.Release|x64.Build.0 = Release|x64
		{12E8DAD7-7BA9-4AB7-9FC8-F115CA653A4C}.Release|x86.ActiveCfg = Release|Any CPU
		{12E8DAD7-7BA9-4AB7-9FC8-F115CA653A4C}.Release|x86.Build.0 = Release|Any CPU
		{FA94B42C-F050-40FC-9CC7-F6BA80C24DAE}.Debug|Any CPU.ActiveCfg = Debug|Any CPU
		{FA94B42C-F050-40FC-9CC7-F6BA80C24DAE}.Debug|Any CPU.Build.0 = Debug|Any CPU
		{FA94B42C-F050-40FC-9CC7-F6BA80C24DAE}.Debug|ARM64.ActiveCfg = Debug|Any CPU
		{FA94B42C-F050-40FC-9CC7-F6BA80C24DAE}.Debug|ARM64.Build.0 = Debug|Any CPU
		{FA94B42C-F050-40FC-9CC7-F6BA80C24DAE}.Debug|x64.ActiveCfg = Debug|x64
		{FA94B42C-F050-40FC-9CC7-F6BA80C24DAE}.Debug|x64.Build.0 = Debug|x64
		{FA94B42C-F050-40FC-9CC7-F6BA80C24DAE}.Debug|x86.ActiveCfg = Debug|Any CPU
		{FA94B42C-F050-40FC-9CC7-F6BA80C24DAE}.Debug|x86.Build.0 = Debug|Any CPU
		{FA94B42C-F050-40FC-9CC7-F6BA80C24DAE}.Release|Any CPU.ActiveCfg = Release|Any CPU
		{FA94B42C-F050-40FC-9CC7-F6BA80C24DAE}.Release|Any CPU.Build.0 = Release|Any CPU
		{FA94B42C-F050-40FC-9CC7-F6BA80C24DAE}.Release|ARM64.ActiveCfg = Release|Any CPU
		{FA94B42C-F050-40FC-9CC7-F6BA80C24DAE}.Release|ARM64.Build.0 = Release|Any CPU
		{FA94B42C-F050-40FC-9CC7-F6BA80C24DAE}.Release|x64.ActiveCfg = Release|x64
		{FA94B42C-F050-40FC-9CC7-F6BA80C24DAE}.Release|x64.Build.0 = Release|x64
		{FA94B42C-F050-40FC-9CC7-F6BA80C24DAE}.Release|x86.ActiveCfg = Release|Any CPU
		{FA94B42C-F050-40FC-9CC7-F6BA80C24DAE}.Release|x86.Build.0 = Release|Any CPU
		{BCA2C55D-76B3-4BDC-8649-15BA5049EE34}.Debug|Any CPU.ActiveCfg = Debug|Any CPU
		{BCA2C55D-76B3-4BDC-8649-15BA5049EE34}.Debug|Any CPU.Build.0 = Debug|Any CPU
		{BCA2C55D-76B3-4BDC-8649-15BA5049EE34}.Debug|ARM64.ActiveCfg = Debug|Any CPU
		{BCA2C55D-76B3-4BDC-8649-15BA5049EE34}.Debug|ARM64.Build.0 = Debug|Any CPU
		{BCA2C55D-76B3-4BDC-8649-15BA5049EE34}.Debug|x64.ActiveCfg = Debug|x64
		{BCA2C55D-76B3-4BDC-8649-15BA5049EE34}.Debug|x64.Build.0 = Debug|x64
		{BCA2C55D-76B3-4BDC-8649-15BA5049EE34}.Debug|x86.ActiveCfg = Debug|Any CPU
		{BCA2C55D-76B3-4BDC-8649-15BA5049EE34}.Debug|x86.Build.0 = Debug|Any CPU
		{BCA2C55D-76B3-4BDC-8649-15BA5049EE34}.Release|Any CPU.ActiveCfg = Release|Any CPU
		{BCA2C55D-76B3-4BDC-8649-15BA5049EE34}.Release|Any CPU.Build.0 = Release|Any CPU
		{BCA2C55D-76B3-4BDC-8649-15BA5049EE34}.Release|ARM64.ActiveCfg = Release|Any CPU
		{BCA2C55D-76B3-4BDC-8649-15BA5049EE34}.Release|ARM64.Build.0 = Release|Any CPU
		{BCA2C55D-76B3-4BDC-8649-15BA5049EE34}.Release|x64.ActiveCfg = Release|x64
		{BCA2C55D-76B3-4BDC-8649-15BA5049EE34}.Release|x64.Build.0 = Release|x64
		{BCA2C55D-76B3-4BDC-8649-15BA5049EE34}.Release|x86.ActiveCfg = Release|Any CPU
		{BCA2C55D-76B3-4BDC-8649-15BA5049EE34}.Release|x86.Build.0 = Release|Any CPU
		{7357962C-4231-4CC4-9D94-552DDA424786}.Debug|Any CPU.ActiveCfg = Debug|Any CPU
		{7357962C-4231-4CC4-9D94-552DDA424786}.Debug|Any CPU.Build.0 = Debug|Any CPU
		{7357962C-4231-4CC4-9D94-552DDA424786}.Debug|ARM64.ActiveCfg = Debug|Any CPU
		{7357962C-4231-4CC4-9D94-552DDA424786}.Debug|ARM64.Build.0 = Debug|Any CPU
		{7357962C-4231-4CC4-9D94-552DDA424786}.Debug|x64.ActiveCfg = Debug|x64
		{7357962C-4231-4CC4-9D94-552DDA424786}.Debug|x64.Build.0 = Debug|x64
		{7357962C-4231-4CC4-9D94-552DDA424786}.Debug|x86.ActiveCfg = Debug|Any CPU
		{7357962C-4231-4CC4-9D94-552DDA424786}.Debug|x86.Build.0 = Debug|Any CPU
		{7357962C-4231-4CC4-9D94-552DDA424786}.Release|Any CPU.ActiveCfg = Release|Any CPU
		{7357962C-4231-4CC4-9D94-552DDA424786}.Release|Any CPU.Build.0 = Release|Any CPU
		{7357962C-4231-4CC4-9D94-552DDA424786}.Release|ARM64.ActiveCfg = Release|Any CPU
		{7357962C-4231-4CC4-9D94-552DDA424786}.Release|ARM64.Build.0 = Release|Any CPU
		{7357962C-4231-4CC4-9D94-552DDA424786}.Release|x64.ActiveCfg = Release|x64
		{7357962C-4231-4CC4-9D94-552DDA424786}.Release|x64.Build.0 = Release|x64
		{7357962C-4231-4CC4-9D94-552DDA424786}.Release|x86.ActiveCfg = Release|Any CPU
		{7357962C-4231-4CC4-9D94-552DDA424786}.Release|x86.Build.0 = Release|Any CPU
		{9600B0CD-631C-411E-B8CF-B3FE563EBC85}.Debug|Any CPU.ActiveCfg = Debug|Any CPU
		{9600B0CD-631C-411E-B8CF-B3FE563EBC85}.Debug|Any CPU.Build.0 = Debug|Any CPU
		{9600B0CD-631C-411E-B8CF-B3FE563EBC85}.Debug|ARM64.ActiveCfg = Debug|Any CPU
		{9600B0CD-631C-411E-B8CF-B3FE563EBC85}.Debug|ARM64.Build.0 = Debug|Any CPU
		{9600B0CD-631C-411E-B8CF-B3FE563EBC85}.Debug|x64.ActiveCfg = Debug|x64
		{9600B0CD-631C-411E-B8CF-B3FE563EBC85}.Debug|x64.Build.0 = Debug|x64
		{9600B0CD-631C-411E-B8CF-B3FE563EBC85}.Debug|x86.ActiveCfg = Debug|Any CPU
		{9600B0CD-631C-411E-B8CF-B3FE563EBC85}.Debug|x86.Build.0 = Debug|Any CPU
		{9600B0CD-631C-411E-B8CF-B3FE563EBC85}.Release|Any CPU.ActiveCfg = Release|Any CPU
		{9600B0CD-631C-411E-B8CF-B3FE563EBC85}.Release|Any CPU.Build.0 = Release|Any CPU
		{9600B0CD-631C-411E-B8CF-B3FE563EBC85}.Release|ARM64.ActiveCfg = Release|Any CPU
		{9600B0CD-631C-411E-B8CF-B3FE563EBC85}.Release|ARM64.Build.0 = Release|Any CPU
		{9600B0CD-631C-411E-B8CF-B3FE563EBC85}.Release|x64.ActiveCfg = Release|x64
		{9600B0CD-631C-411E-B8CF-B3FE563EBC85}.Release|x64.Build.0 = Release|x64
		{9600B0CD-631C-411E-B8CF-B3FE563EBC85}.Release|x86.ActiveCfg = Release|Any CPU
		{9600B0CD-631C-411E-B8CF-B3FE563EBC85}.Release|x86.Build.0 = Release|Any CPU
		{39F472D4-E633-435F-B0AB-6F46CA81DE1E}.Debug|Any CPU.ActiveCfg = Debug|Any CPU
		{39F472D4-E633-435F-B0AB-6F46CA81DE1E}.Debug|Any CPU.Build.0 = Debug|Any CPU
		{39F472D4-E633-435F-B0AB-6F46CA81DE1E}.Debug|ARM64.ActiveCfg = Debug|Any CPU
		{39F472D4-E633-435F-B0AB-6F46CA81DE1E}.Debug|ARM64.Build.0 = Debug|Any CPU
		{39F472D4-E633-435F-B0AB-6F46CA81DE1E}.Debug|x64.ActiveCfg = Debug|x64
		{39F472D4-E633-435F-B0AB-6F46CA81DE1E}.Debug|x64.Build.0 = Debug|x64
		{39F472D4-E633-435F-B0AB-6F46CA81DE1E}.Debug|x86.ActiveCfg = Debug|Any CPU
		{39F472D4-E633-435F-B0AB-6F46CA81DE1E}.Debug|x86.Build.0 = Debug|Any CPU
		{39F472D4-E633-435F-B0AB-6F46CA81DE1E}.Release|Any CPU.ActiveCfg = Release|Any CPU
		{39F472D4-E633-435F-B0AB-6F46CA81DE1E}.Release|Any CPU.Build.0 = Release|Any CPU
		{39F472D4-E633-435F-B0AB-6F46CA81DE1E}.Release|ARM64.ActiveCfg = Release|Any CPU
		{39F472D4-E633-435F-B0AB-6F46CA81DE1E}.Release|ARM64.Build.0 = Release|Any CPU
		{39F472D4-E633-435F-B0AB-6F46CA81DE1E}.Release|x64.ActiveCfg = Release|x64
		{39F472D4-E633-435F-B0AB-6F46CA81DE1E}.Release|x64.Build.0 = Release|x64
		{39F472D4-E633-435F-B0AB-6F46CA81DE1E}.Release|x86.ActiveCfg = Release|Any CPU
		{39F472D4-E633-435F-B0AB-6F46CA81DE1E}.Release|x86.Build.0 = Release|Any CPU
		{5D6AAEB8-E506-4440-ACA3-397A3307947C}.Debug|Any CPU.ActiveCfg = Debug|Any CPU
		{5D6AAEB8-E506-4440-ACA3-397A3307947C}.Debug|Any CPU.Build.0 = Debug|Any CPU
		{5D6AAEB8-E506-4440-ACA3-397A3307947C}.Debug|ARM64.ActiveCfg = Debug|Any CPU
		{5D6AAEB8-E506-4440-ACA3-397A3307947C}.Debug|ARM64.Build.0 = Debug|Any CPU
		{5D6AAEB8-E506-4440-ACA3-397A3307947C}.Debug|x64.ActiveCfg = Debug|x64
		{5D6AAEB8-E506-4440-ACA3-397A3307947C}.Debug|x64.Build.0 = Debug|x64
		{5D6AAEB8-E506-4440-ACA3-397A3307947C}.Debug|x86.ActiveCfg = Debug|Any CPU
		{5D6AAEB8-E506-4440-ACA3-397A3307947C}.Debug|x86.Build.0 = Debug|Any CPU
		{5D6AAEB8-E506-4440-ACA3-397A3307947C}.Release|Any CPU.ActiveCfg = Release|Any CPU
		{5D6AAEB8-E506-4440-ACA3-397A3307947C}.Release|Any CPU.Build.0 = Release|Any CPU
		{5D6AAEB8-E506-4440-ACA3-397A3307947C}.Release|ARM64.ActiveCfg = Release|Any CPU
		{5D6AAEB8-E506-4440-ACA3-397A3307947C}.Release|ARM64.Build.0 = Release|Any CPU
		{5D6AAEB8-E506-4440-ACA3-397A3307947C}.Release|x64.ActiveCfg = Release|x64
		{5D6AAEB8-E506-4440-ACA3-397A3307947C}.Release|x64.Build.0 = Release|x64
		{5D6AAEB8-E506-4440-ACA3-397A3307947C}.Release|x86.ActiveCfg = Release|Any CPU
		{5D6AAEB8-E506-4440-ACA3-397A3307947C}.Release|x86.Build.0 = Release|Any CPU
		{31436DD1-54C0-4AA4-832C-C4312476A64B}.Debug|Any CPU.ActiveCfg = Debug|Any CPU
		{31436DD1-54C0-4AA4-832C-C4312476A64B}.Debug|Any CPU.Build.0 = Debug|Any CPU
		{31436DD1-54C0-4AA4-832C-C4312476A64B}.Debug|ARM64.ActiveCfg = Debug|Any CPU
		{31436DD1-54C0-4AA4-832C-C4312476A64B}.Debug|ARM64.Build.0 = Debug|Any CPU
		{31436DD1-54C0-4AA4-832C-C4312476A64B}.Debug|x64.ActiveCfg = Debug|x64
		{31436DD1-54C0-4AA4-832C-C4312476A64B}.Debug|x64.Build.0 = Debug|x64
		{31436DD1-54C0-4AA4-832C-C4312476A64B}.Debug|x86.ActiveCfg = Debug|Any CPU
		{31436DD1-54C0-4AA4-832C-C4312476A64B}.Debug|x86.Build.0 = Debug|Any CPU
		{31436DD1-54C0-4AA4-832C-C4312476A64B}.Release|Any CPU.ActiveCfg = Release|Any CPU
		{31436DD1-54C0-4AA4-832C-C4312476A64B}.Release|Any CPU.Build.0 = Release|Any CPU
		{31436DD1-54C0-4AA4-832C-C4312476A64B}.Release|ARM64.ActiveCfg = Release|Any CPU
		{31436DD1-54C0-4AA4-832C-C4312476A64B}.Release|ARM64.Build.0 = Release|Any CPU
		{31436DD1-54C0-4AA4-832C-C4312476A64B}.Release|x64.ActiveCfg = Release|x64
		{31436DD1-54C0-4AA4-832C-C4312476A64B}.Release|x64.Build.0 = Release|x64
		{31436DD1-54C0-4AA4-832C-C4312476A64B}.Release|x86.ActiveCfg = Release|Any CPU
		{31436DD1-54C0-4AA4-832C-C4312476A64B}.Release|x86.Build.0 = Release|Any CPU
		{0BACC270-2AC1-4DC8-87D3-93CF17E94CAD}.Debug|Any CPU.ActiveCfg = Debug|Any CPU
		{0BACC270-2AC1-4DC8-87D3-93CF17E94CAD}.Debug|Any CPU.Build.0 = Debug|Any CPU
		{0BACC270-2AC1-4DC8-87D3-93CF17E94CAD}.Debug|ARM64.ActiveCfg = Debug|Any CPU
		{0BACC270-2AC1-4DC8-87D3-93CF17E94CAD}.Debug|ARM64.Build.0 = Debug|Any CPU
		{0BACC270-2AC1-4DC8-87D3-93CF17E94CAD}.Debug|x64.ActiveCfg = Debug|x64
		{0BACC270-2AC1-4DC8-87D3-93CF17E94CAD}.Debug|x64.Build.0 = Debug|x64
		{0BACC270-2AC1-4DC8-87D3-93CF17E94CAD}.Debug|x86.ActiveCfg = Debug|Any CPU
		{0BACC270-2AC1-4DC8-87D3-93CF17E94CAD}.Debug|x86.Build.0 = Debug|Any CPU
		{0BACC270-2AC1-4DC8-87D3-93CF17E94CAD}.Release|Any CPU.ActiveCfg = Release|Any CPU
		{0BACC270-2AC1-4DC8-87D3-93CF17E94CAD}.Release|Any CPU.Build.0 = Release|Any CPU
		{0BACC270-2AC1-4DC8-87D3-93CF17E94CAD}.Release|ARM64.ActiveCfg = Release|Any CPU
		{0BACC270-2AC1-4DC8-87D3-93CF17E94CAD}.Release|ARM64.Build.0 = Release|Any CPU
		{0BACC270-2AC1-4DC8-87D3-93CF17E94CAD}.Release|x64.ActiveCfg = Release|x64
		{0BACC270-2AC1-4DC8-87D3-93CF17E94CAD}.Release|x64.Build.0 = Release|x64
		{0BACC270-2AC1-4DC8-87D3-93CF17E94CAD}.Release|x86.ActiveCfg = Release|Any CPU
		{0BACC270-2AC1-4DC8-87D3-93CF17E94CAD}.Release|x86.Build.0 = Release|Any CPU
		{46FBA5FC-CCA8-4C60-A4EF-FF5E0C01EE2B}.Debug|Any CPU.ActiveCfg = Debug|Any CPU
		{46FBA5FC-CCA8-4C60-A4EF-FF5E0C01EE2B}.Debug|Any CPU.Build.0 = Debug|Any CPU
		{46FBA5FC-CCA8-4C60-A4EF-FF5E0C01EE2B}.Debug|ARM64.ActiveCfg = Debug|Any CPU
		{46FBA5FC-CCA8-4C60-A4EF-FF5E0C01EE2B}.Debug|ARM64.Build.0 = Debug|Any CPU
		{46FBA5FC-CCA8-4C60-A4EF-FF5E0C01EE2B}.Debug|x64.ActiveCfg = Debug|x64
		{46FBA5FC-CCA8-4C60-A4EF-FF5E0C01EE2B}.Debug|x64.Build.0 = Debug|x64
		{46FBA5FC-CCA8-4C60-A4EF-FF5E0C01EE2B}.Debug|x86.ActiveCfg = Debug|Any CPU
		{46FBA5FC-CCA8-4C60-A4EF-FF5E0C01EE2B}.Debug|x86.Build.0 = Debug|Any CPU
		{46FBA5FC-CCA8-4C60-A4EF-FF5E0C01EE2B}.Release|Any CPU.ActiveCfg = Release|Any CPU
		{46FBA5FC-CCA8-4C60-A4EF-FF5E0C01EE2B}.Release|Any CPU.Build.0 = Release|Any CPU
		{46FBA5FC-CCA8-4C60-A4EF-FF5E0C01EE2B}.Release|ARM64.ActiveCfg = Release|Any CPU
		{46FBA5FC-CCA8-4C60-A4EF-FF5E0C01EE2B}.Release|ARM64.Build.0 = Release|Any CPU
		{46FBA5FC-CCA8-4C60-A4EF-FF5E0C01EE2B}.Release|x64.ActiveCfg = Release|x64
		{46FBA5FC-CCA8-4C60-A4EF-FF5E0C01EE2B}.Release|x64.Build.0 = Release|x64
		{46FBA5FC-CCA8-4C60-A4EF-FF5E0C01EE2B}.Release|x86.ActiveCfg = Release|Any CPU
		{46FBA5FC-CCA8-4C60-A4EF-FF5E0C01EE2B}.Release|x86.Build.0 = Release|Any CPU
		{77D0D9CA-B7D7-4545-8EF5-891B62772749}.Debug|Any CPU.ActiveCfg = Debug|Any CPU
		{77D0D9CA-B7D7-4545-8EF5-891B62772749}.Debug|Any CPU.Build.0 = Debug|Any CPU
		{77D0D9CA-B7D7-4545-8EF5-891B62772749}.Debug|ARM64.ActiveCfg = Debug|Any CPU
		{77D0D9CA-B7D7-4545-8EF5-891B62772749}.Debug|ARM64.Build.0 = Debug|Any CPU
		{77D0D9CA-B7D7-4545-8EF5-891B62772749}.Debug|x64.ActiveCfg = Debug|x64
		{77D0D9CA-B7D7-4545-8EF5-891B62772749}.Debug|x64.Build.0 = Debug|x64
		{77D0D9CA-B7D7-4545-8EF5-891B62772749}.Debug|x86.ActiveCfg = Debug|Any CPU
		{77D0D9CA-B7D7-4545-8EF5-891B62772749}.Debug|x86.Build.0 = Debug|Any CPU
		{77D0D9CA-B7D7-4545-8EF5-891B62772749}.Release|Any CPU.ActiveCfg = Release|Any CPU
		{77D0D9CA-B7D7-4545-8EF5-891B62772749}.Release|Any CPU.Build.0 = Release|Any CPU
		{77D0D9CA-B7D7-4545-8EF5-891B62772749}.Release|ARM64.ActiveCfg = Release|Any CPU
		{77D0D9CA-B7D7-4545-8EF5-891B62772749}.Release|ARM64.Build.0 = Release|Any CPU
		{77D0D9CA-B7D7-4545-8EF5-891B62772749}.Release|x64.ActiveCfg = Release|x64
		{77D0D9CA-B7D7-4545-8EF5-891B62772749}.Release|x64.Build.0 = Release|x64
		{77D0D9CA-B7D7-4545-8EF5-891B62772749}.Release|x86.ActiveCfg = Release|Any CPU
		{77D0D9CA-B7D7-4545-8EF5-891B62772749}.Release|x86.Build.0 = Release|Any CPU
		{07745122-6FE4-4E83-BDE2-1F8134343049}.Debug|Any CPU.ActiveCfg = Debug|Any CPU
		{07745122-6FE4-4E83-BDE2-1F8134343049}.Debug|Any CPU.Build.0 = Debug|Any CPU
		{07745122-6FE4-4E83-BDE2-1F8134343049}.Debug|ARM64.ActiveCfg = Debug|Any CPU
		{07745122-6FE4-4E83-BDE2-1F8134343049}.Debug|ARM64.Build.0 = Debug|Any CPU
		{07745122-6FE4-4E83-BDE2-1F8134343049}.Debug|x64.ActiveCfg = Debug|x64
		{07745122-6FE4-4E83-BDE2-1F8134343049}.Debug|x64.Build.0 = Debug|x64
		{07745122-6FE4-4E83-BDE2-1F8134343049}.Debug|x86.ActiveCfg = Debug|Any CPU
		{07745122-6FE4-4E83-BDE2-1F8134343049}.Debug|x86.Build.0 = Debug|Any CPU
		{07745122-6FE4-4E83-BDE2-1F8134343049}.Release|Any CPU.ActiveCfg = Release|Any CPU
		{07745122-6FE4-4E83-BDE2-1F8134343049}.Release|Any CPU.Build.0 = Release|Any CPU
		{07745122-6FE4-4E83-BDE2-1F8134343049}.Release|ARM64.ActiveCfg = Release|Any CPU
		{07745122-6FE4-4E83-BDE2-1F8134343049}.Release|ARM64.Build.0 = Release|Any CPU
		{07745122-6FE4-4E83-BDE2-1F8134343049}.Release|x64.ActiveCfg = Release|x64
		{07745122-6FE4-4E83-BDE2-1F8134343049}.Release|x64.Build.0 = Release|x64
		{07745122-6FE4-4E83-BDE2-1F8134343049}.Release|x86.ActiveCfg = Release|Any CPU
		{07745122-6FE4-4E83-BDE2-1F8134343049}.Release|x86.Build.0 = Release|Any CPU
		{992909B1-CBFC-4F39-A732-54C4FF8BA66A}.Debug|Any CPU.ActiveCfg = Debug|Any CPU
		{992909B1-CBFC-4F39-A732-54C4FF8BA66A}.Debug|Any CPU.Build.0 = Debug|Any CPU
		{992909B1-CBFC-4F39-A732-54C4FF8BA66A}.Debug|ARM64.ActiveCfg = Debug|Any CPU
		{992909B1-CBFC-4F39-A732-54C4FF8BA66A}.Debug|ARM64.Build.0 = Debug|Any CPU
		{992909B1-CBFC-4F39-A732-54C4FF8BA66A}.Debug|x64.ActiveCfg = Debug|x64
		{992909B1-CBFC-4F39-A732-54C4FF8BA66A}.Debug|x64.Build.0 = Debug|x64
		{992909B1-CBFC-4F39-A732-54C4FF8BA66A}.Debug|x86.ActiveCfg = Debug|Any CPU
		{992909B1-CBFC-4F39-A732-54C4FF8BA66A}.Debug|x86.Build.0 = Debug|Any CPU
		{992909B1-CBFC-4F39-A732-54C4FF8BA66A}.Release|Any CPU.ActiveCfg = Release|Any CPU
		{992909B1-CBFC-4F39-A732-54C4FF8BA66A}.Release|Any CPU.Build.0 = Release|Any CPU
		{992909B1-CBFC-4F39-A732-54C4FF8BA66A}.Release|ARM64.ActiveCfg = Release|Any CPU
		{992909B1-CBFC-4F39-A732-54C4FF8BA66A}.Release|ARM64.Build.0 = Release|Any CPU
		{992909B1-CBFC-4F39-A732-54C4FF8BA66A}.Release|x64.ActiveCfg = Release|x64
		{992909B1-CBFC-4F39-A732-54C4FF8BA66A}.Release|x64.Build.0 = Release|x64
		{992909B1-CBFC-4F39-A732-54C4FF8BA66A}.Release|x86.ActiveCfg = Release|Any CPU
		{992909B1-CBFC-4F39-A732-54C4FF8BA66A}.Release|x86.Build.0 = Release|Any CPU
		{0C7C3066-2B02-46D3-BA73-4B4F42EDD22F}.Debug|Any CPU.ActiveCfg = Debug|Any CPU
		{0C7C3066-2B02-46D3-BA73-4B4F42EDD22F}.Debug|Any CPU.Build.0 = Debug|Any CPU
		{0C7C3066-2B02-46D3-BA73-4B4F42EDD22F}.Debug|ARM64.ActiveCfg = Debug|Any CPU
		{0C7C3066-2B02-46D3-BA73-4B4F42EDD22F}.Debug|ARM64.Build.0 = Debug|Any CPU
		{0C7C3066-2B02-46D3-BA73-4B4F42EDD22F}.Debug|x64.ActiveCfg = Debug|x64
		{0C7C3066-2B02-46D3-BA73-4B4F42EDD22F}.Debug|x64.Build.0 = Debug|x64
		{0C7C3066-2B02-46D3-BA73-4B4F42EDD22F}.Debug|x86.ActiveCfg = Debug|Any CPU
		{0C7C3066-2B02-46D3-BA73-4B4F42EDD22F}.Debug|x86.Build.0 = Debug|Any CPU
		{0C7C3066-2B02-46D3-BA73-4B4F42EDD22F}.Release|Any CPU.ActiveCfg = Release|Any CPU
		{0C7C3066-2B02-46D3-BA73-4B4F42EDD22F}.Release|Any CPU.Build.0 = Release|Any CPU
		{0C7C3066-2B02-46D3-BA73-4B4F42EDD22F}.Release|ARM64.ActiveCfg = Release|Any CPU
		{0C7C3066-2B02-46D3-BA73-4B4F42EDD22F}.Release|ARM64.Build.0 = Release|Any CPU
		{0C7C3066-2B02-46D3-BA73-4B4F42EDD22F}.Release|x64.ActiveCfg = Release|x64
		{0C7C3066-2B02-46D3-BA73-4B4F42EDD22F}.Release|x64.Build.0 = Release|x64
		{0C7C3066-2B02-46D3-BA73-4B4F42EDD22F}.Release|x86.ActiveCfg = Release|Any CPU
		{0C7C3066-2B02-46D3-BA73-4B4F42EDD22F}.Release|x86.Build.0 = Release|Any CPU
	EndGlobalSection
	GlobalSection(SolutionProperties) = preSolution
		HideSolutionNode = FALSE
	EndGlobalSection
	GlobalSection(NestedProjects) = preSolution
		{81799178-4A63-4692-80FE-B9E204B30823} = {E3E90B62-DD96-4065-AE15-101A5395853F}
		{F1C590B6-7EFF-49C8-A713-D6AFAFE8F97C} = {E3E90B62-DD96-4065-AE15-101A5395853F}
		{A382ED86-498A-4ACE-BF35-EB856E0C040C} = {C8D5274F-AC00-46C7-1F8D-E88E81087A52}
		{BCA2C55D-76B3-4BDC-8649-15BA5049EE34} = {6669B406-0876-411D-B8DB-FCCDF22364F5}
		{7357962C-4231-4CC4-9D94-552DDA424786} = {6669B406-0876-411D-B8DB-FCCDF22364F5}
		{9600B0CD-631C-411E-B8CF-B3FE563EBC85} = {6669B406-0876-411D-B8DB-FCCDF22364F5}
		{39F472D4-E633-435F-B0AB-6F46CA81DE1E} = {C8D5274F-AC00-46C7-1F8D-E88E81087A52}
		{5D6AAEB8-E506-4440-ACA3-397A3307947C} = {C8D5274F-AC00-46C7-1F8D-E88E81087A52}
		{31436DD1-54C0-4AA4-832C-C4312476A64B} = {C8D5274F-AC00-46C7-1F8D-E88E81087A52}
		{0BACC270-2AC1-4DC8-87D3-93CF17E94CAD} = {C8D5274F-AC00-46C7-1F8D-E88E81087A52}
		{46FBA5FC-CCA8-4C60-A4EF-FF5E0C01EE2B} = {4ADC0689-99F2-4836-9858-F999F128745B}
		{77D0D9CA-B7D7-4545-8EF5-891B62772749} = {4ADC0689-99F2-4836-9858-F999F128745B}
		{07745122-6FE4-4E83-BDE2-1F8134343049} = {E3E90B62-DD96-4065-AE15-101A5395853F}
		{992909B1-CBFC-4F39-A732-54C4FF8BA66A} = {C8D5274F-AC00-46C7-1F8D-E88E81087A52}
		{0C7C3066-2B02-46D3-BA73-4B4F42EDD22F} = {E3E90B62-DD96-4065-AE15-101A5395853F}
	EndGlobalSection
	GlobalSection(ExtensibilityGlobals) = postSolution
		SolutionGuid = {E01D6575-9656-4E92-BCEC-2ABE80B904C4}
	EndGlobalSection
EndGlobal
