
Microsoft Visual Studio Solution File, Format Version 12.00
# Visual Studio Version 17
VisualStudioVersion = 17.13.35931.197
MinimumVisualStudioVersion = 10.0.40219.1
Project("{FAE04EC0-301F-11D3-BF4B-00C04F79EFBC}") = "MZ.Vision", "..\Application\MZ.Vision\MZ.Vision.csproj", "{E6A5B803-3A16-C71E-7532-2240CA65E224}"
EndProject
Project("{FAE04EC0-301F-11D3-BF4B-00C04F79EFBC}") = "MZ.AI.Engine", "..\Application\MZ.AI.Engine\MZ.AI.Engine.csproj", "{DCCAB947-3EB7-4A20-39AF-6DB1D7437588}"
EndProject
Project("{FAE04EC0-301F-11D3-BF4B-00C04F79EFBC}") = "MZ.Infrastructure", "..\Application\MZ.Infrastructure\MZ.Infrastructure.csproj", "{A7F94112-E3EA-8BBA-A10C-190CB9BBC639}"
EndProject
Project("{FAE04EC0-301F-11D3-BF4B-00C04F79EFBC}") = "MZ.Vision.Test", "MZ.Vision.Test\MZ.Vision.Test.csproj", "{0EC4D97A-9FF0-47FD-A85B-606C93860187}"
EndProject
Project("{FAE04EC0-301F-11D3-BF4B-00C04F79EFBC}") = "MZ.Infrastructure.Test", "MZ.Infrastructure.Test\MZ.Infrastructure.Test.csproj", "{62F2E418-7F72-492A-AE03-22EFD8C182C0}"
EndProject
Project("{FAE04EC0-301F-11D3-BF4B-00C04F79EFBC}") = "MZ.Model", "..\Application\MZ.Model\MZ.Model.csproj", "{F6C4B651-D3EC-7A93-A13D-C3C025BD4A71}"
EndProject
Project("{FAE04EC0-301F-11D3-BF4B-00C04F79EFBC}") = "MZ.Domain", "..\Application\MZ.Domain\MZ.Domain.csproj", "{9B8BCA20-1223-D588-E8D3-7D973087938B}"
EndProject
Project("{FAE04EC0-301F-11D3-BF4B-00C04F79EFBC}") = "MZ.DTO", "..\Application\MZ.DTO\MZ.DTO.csproj", "{39D8790D-039B-006C-4B73-F16FFA1F4FB2}"
EndProject
Project("{FAE04EC0-301F-11D3-BF4B-00C04F79EFBC}") = "MZ.Resource", "..\Application\MZ.Resource\MZ.Resource.csproj", "{E2205F7C-ECD8-514A-8E32-4D686A7FD45F}"
EndProject
Project("{FAE04EC0-301F-11D3-BF4B-00C04F79EFBC}") = "MZ.Logger", "..\Application\MZ.Logger\MZ.Logger.csproj", "{87EF045D-03D2-01B4-A268-C24CAA5DFE5E}"
EndProject
Project("{FAE04EC0-301F-11D3-BF4B-00C04F79EFBC}") = "MZ.Util", "..\Application\MZ.Util\MZ.Util.csproj", "{F8202D8F-E451-5E93-4CB1-9299088DEE7C}"
EndProject
Project("{2150E333-8FDC-42A3-9474-1A3956D46DE8}") = "Engines", "Engines", "{C8D5274F-AC00-46C7-1F8D-E88E81087A52}"
EndProject
Project("{2150E333-8FDC-42A3-9474-1A3956D46DE8}") = "Databases", "Databases", "{9C4A8043-C0FF-4ED5-A0DB-1F6F8BDD98DD}"
EndProject
Project("{2150E333-8FDC-42A3-9474-1A3956D46DE8}") = "Clients", "Clients", "{F132E2EE-ECCC-47CA-9D19-06E803D21BB4}"
EndProject
Project("{2150E333-8FDC-42A3-9474-1A3956D46DE8}") = "Etcs", "Etcs", "{64BF0D0D-CB54-42BE-B0D1-DF694119B050}"
EndProject
Project("{FAE04EC0-301F-11D3-BF4B-00C04F79EFBC}") = "MZ.AI.Engine.Test", "MZ.AI.Engine.Test\MZ.AI.Engine.Test.csproj", "{45E05F98-B3A9-4A3E-B5DB-225CB2570692}"
EndProject
Global
	GlobalSection(SolutionConfigurationPlatforms) = preSolution
		Debug|Any CPU = Debug|Any CPU
		Debug|x64 = Debug|x64
		Release|Any CPU = Release|Any CPU
		Release|x64 = Release|x64
	EndGlobalSection
	GlobalSection(ProjectConfigurationPlatforms) = postSolution
		{E6A5B803-3A16-C71E-7532-2240CA65E224}.Debug|Any CPU.ActiveCfg = Debug|Any CPU
		{E6A5B803-3A16-C71E-7532-2240CA65E224}.Debug|Any CPU.Build.0 = Debug|Any CPU
		{E6A5B803-3A16-C71E-7532-2240CA65E224}.Debug|x64.ActiveCfg = Debug|x64
		{E6A5B803-3A16-C71E-7532-2240CA65E224}.Debug|x64.Build.0 = Debug|x64
		{E6A5B803-3A16-C71E-7532-2240CA65E224}.Release|Any CPU.ActiveCfg = Release|Any CPU
		{E6A5B803-3A16-C71E-7532-2240CA65E224}.Release|Any CPU.Build.0 = Release|Any CPU
		{E6A5B803-3A16-C71E-7532-2240CA65E224}.Release|x64.ActiveCfg = Release|x64
		{E6A5B803-3A16-C71E-7532-2240CA65E224}.Release|x64.Build.0 = Release|x64
		{DCCAB947-3EB7-4A20-39AF-6DB1D7437588}.Debug|Any CPU.ActiveCfg = Debug|Any CPU
		{DCCAB947-3EB7-4A20-39AF-6DB1D7437588}.Debug|Any CPU.Build.0 = Debug|Any CPU
		{DCCAB947-3EB7-4A20-39AF-6DB1D7437588}.Debug|x64.ActiveCfg = Debug|x64
		{DCCAB947-3EB7-4A20-39AF-6DB1D7437588}.Debug|x64.Build.0 = Debug|x64
		{DCCAB947-3EB7-4A20-39AF-6DB1D7437588}.Release|Any CPU.ActiveCfg = Release|Any CPU
		{DCCAB947-3EB7-4A20-39AF-6DB1D7437588}.Release|Any CPU.Build.0 = Release|Any CPU
		{DCCAB947-3EB7-4A20-39AF-6DB1D7437588}.Release|x64.ActiveCfg = Release|x64
		{DCCAB947-3EB7-4A20-39AF-6DB1D7437588}.Release|x64.Build.0 = Release|x64
		{A7F94112-E3EA-8BBA-A10C-190CB9BBC639}.Debug|Any CPU.ActiveCfg = Debug|Any CPU
		{A7F94112-E3EA-8BBA-A10C-190CB9BBC639}.Debug|Any CPU.Build.0 = Debug|Any CPU
		{A7F94112-E3EA-8BBA-A10C-190CB9BBC639}.Debug|x64.ActiveCfg = Debug|x64
		{A7F94112-E3EA-8BBA-A10C-190CB9BBC639}.Debug|x64.Build.0 = Debug|x64
		{A7F94112-E3EA-8BBA-A10C-190CB9BBC639}.Release|Any CPU.ActiveCfg = Release|Any CPU
		{A7F94112-E3EA-8BBA-A10C-190CB9BBC639}.Release|Any CPU.Build.0 = Release|Any CPU
		{A7F94112-E3EA-8BBA-A10C-190CB9BBC639}.Release|x64.ActiveCfg = Release|x64
		{A7F94112-E3EA-8BBA-A10C-190CB9BBC639}.Release|x64.Build.0 = Release|x64
		{0EC4D97A-9FF0-47FD-A85B-606C93860187}.Debug|Any CPU.ActiveCfg = Debug|Any CPU
		{0EC4D97A-9FF0-47FD-A85B-606C93860187}.Debug|Any CPU.Build.0 = Debug|Any CPU
		{0EC4D97A-9FF0-47FD-A85B-606C93860187}.Debug|x64.ActiveCfg = Debug|x64
		{0EC4D97A-9FF0-47FD-A85B-606C93860187}.Debug|x64.Build.0 = Debug|x64
		{0EC4D97A-9FF0-47FD-A85B-606C93860187}.Release|Any CPU.ActiveCfg = Release|Any CPU
		{0EC4D97A-9FF0-47FD-A85B-606C93860187}.Release|Any CPU.Build.0 = Release|Any CPU
		{0EC4D97A-9FF0-47FD-A85B-606C93860187}.Release|x64.ActiveCfg = Release|x64
		{0EC4D97A-9FF0-47FD-A85B-606C93860187}.Release|x64.Build.0 = Release|x64
		{62F2E418-7F72-492A-AE03-22EFD8C182C0}.Debug|Any CPU.ActiveCfg = Debug|Any CPU
		{62F2E418-7F72-492A-AE03-22EFD8C182C0}.Debug|Any CPU.Build.0 = Debug|Any CPU
		{62F2E418-7F72-492A-AE03-22EFD8C182C0}.Debug|x64.ActiveCfg = Debug|x64
		{62F2E418-7F72-492A-AE03-22EFD8C182C0}.Debug|x64.Build.0 = Debug|x64
		{62F2E418-7F72-492A-AE03-22EFD8C182C0}.Release|Any CPU.ActiveCfg = Release|Any CPU
		{62F2E418-7F72-492A-AE03-22EFD8C182C0}.Release|Any CPU.Build.0 = Release|Any CPU
		{62F2E418-7F72-492A-AE03-22EFD8C182C0}.Release|x64.ActiveCfg = Release|x64
		{62F2E418-7F72-492A-AE03-22EFD8C182C0}.Release|x64.Build.0 = Release|x64
		{F6C4B651-D3EC-7A93-A13D-C3C025BD4A71}.Debug|Any CPU.ActiveCfg = Debug|Any CPU
		{F6C4B651-D3EC-7A93-A13D-C3C025BD4A71}.Debug|Any CPU.Build.0 = Debug|Any CPU
		{F6C4B651-D3EC-7A93-A13D-C3C025BD4A71}.Debug|x64.ActiveCfg = Debug|x64
		{F6C4B651-D3EC-7A93-A13D-C3C025BD4A71}.Debug|x64.Build.0 = Debug|x64
		{F6C4B651-D3EC-7A93-A13D-C3C025BD4A71}.Release|Any CPU.ActiveCfg = Release|Any CPU
		{F6C4B651-D3EC-7A93-A13D-C3C025BD4A71}.Release|Any CPU.Build.0 = Release|Any CPU
		{F6C4B651-D3EC-7A93-A13D-C3C025BD4A71}.Release|x64.ActiveCfg = Release|x64
		{F6C4B651-D3EC-7A93-A13D-C3C025BD4A71}.Release|x64.Build.0 = Release|x64
		{9B8BCA20-1223-D588-E8D3-7D973087938B}.Debug|Any CPU.ActiveCfg = Debug|Any CPU
		{9B8BCA20-1223-D588-E8D3-7D973087938B}.Debug|Any CPU.Build.0 = Debug|Any CPU
		{9B8BCA20-1223-D588-E8D3-7D973087938B}.Debug|x64.ActiveCfg = Debug|x64
		{9B8BCA20-1223-D588-E8D3-7D973087938B}.Debug|x64.Build.0 = Debug|x64
		{9B8BCA20-1223-D588-E8D3-7D973087938B}.Release|Any CPU.ActiveCfg = Release|Any CPU
		{9B8BCA20-1223-D588-E8D3-7D973087938B}.Release|Any CPU.Build.0 = Release|Any CPU
		{9B8BCA20-1223-D588-E8D3-7D973087938B}.Release|x64.ActiveCfg = Release|x64
		{9B8BCA20-1223-D588-E8D3-7D973087938B}.Release|x64.Build.0 = Release|x64
		{39D8790D-039B-006C-4B73-F16FFA1F4FB2}.Debug|Any CPU.ActiveCfg = Debug|Any CPU
		{39D8790D-039B-006C-4B73-F16FFA1F4FB2}.Debug|Any CPU.Build.0 = Debug|Any CPU
		{39D8790D-039B-006C-4B73-F16FFA1F4FB2}.Debug|x64.ActiveCfg = Debug|x64
		{39D8790D-039B-006C-4B73-F16FFA1F4FB2}.Debug|x64.Build.0 = Debug|x64
		{39D8790D-039B-006C-4B73-F16FFA1F4FB2}.Release|Any CPU.ActiveCfg = Release|Any CPU
		{39D8790D-039B-006C-4B73-F16FFA1F4FB2}.Release|Any CPU.Build.0 = Release|Any CPU
		{39D8790D-039B-006C-4B73-F16FFA1F4FB2}.Release|x64.ActiveCfg = Release|x64
		{39D8790D-039B-006C-4B73-F16FFA1F4FB2}.Release|x64.Build.0 = Release|x64
		{E2205F7C-ECD8-514A-8E32-4D686A7FD45F}.Debug|Any CPU.ActiveCfg = Debug|Any CPU
		{E2205F7C-ECD8-514A-8E32-4D686A7FD45F}.Debug|Any CPU.Build.0 = Debug|Any CPU
		{E2205F7C-ECD8-514A-8E32-4D686A7FD45F}.Debug|x64.ActiveCfg = Debug|x64
		{E2205F7C-ECD8-514A-8E32-4D686A7FD45F}.Debug|x64.Build.0 = Debug|x64
		{E2205F7C-ECD8-514A-8E32-4D686A7FD45F}.Release|Any CPU.ActiveCfg = Release|Any CPU
		{E2205F7C-ECD8-514A-8E32-4D686A7FD45F}.Release|Any CPU.Build.0 = Release|Any CPU
		{E2205F7C-ECD8-514A-8E32-4D686A7FD45F}.Release|x64.ActiveCfg = Release|x64
		{E2205F7C-ECD8-514A-8E32-4D686A7FD45F}.Release|x64.Build.0 = Release|x64
		{87EF045D-03D2-01B4-A268-C24CAA5DFE5E}.Debug|Any CPU.ActiveCfg = Debug|Any CPU
		{87EF045D-03D2-01B4-A268-C24CAA5DFE5E}.Debug|Any CPU.Build.0 = Debug|Any CPU
		{87EF045D-03D2-01B4-A268-C24CAA5DFE5E}.Debug|x64.ActiveCfg = Debug|x64
		{87EF045D-03D2-01B4-A268-C24CAA5DFE5E}.Debug|x64.Build.0 = Debug|x64
		{87EF045D-03D2-01B4-A268-C24CAA5DFE5E}.Release|Any CPU.ActiveCfg = Release|Any CPU
		{87EF045D-03D2-01B4-A268-C24CAA5DFE5E}.Release|Any CPU.Build.0 = Release|Any CPU
		{87EF045D-03D2-01B4-A268-C24CAA5DFE5E}.Release|x64.ActiveCfg = Release|x64
		{87EF045D-03D2-01B4-A268-C24CAA5DFE5E}.Release|x64.Build.0 = Release|x64
		{F8202D8F-E451-5E93-4CB1-9299088DEE7C}.Debug|Any CPU.ActiveCfg = Debug|Any CPU
		{F8202D8F-E451-5E93-4CB1-9299088DEE7C}.Debug|Any CPU.Build.0 = Debug|Any CPU
		{F8202D8F-E451-5E93-4CB1-9299088DEE7C}.Debug|x64.ActiveCfg = Debug|x64
		{F8202D8F-E451-5E93-4CB1-9299088DEE7C}.Debug|x64.Build.0 = Debug|x64
		{F8202D8F-E451-5E93-4CB1-9299088DEE7C}.Release|Any CPU.ActiveCfg = Release|Any CPU
		{F8202D8F-E451-5E93-4CB1-9299088DEE7C}.Release|Any CPU.Build.0 = Release|Any CPU
		{F8202D8F-E451-5E93-4CB1-9299088DEE7C}.Release|x64.ActiveCfg = Release|x64
		{F8202D8F-E451-5E93-4CB1-9299088DEE7C}.Release|x64.Build.0 = Release|x64
		{45E05F98-B3A9-4A3E-B5DB-225CB2570692}.Debug|Any CPU.ActiveCfg = Debug|Any CPU
		{45E05F98-B3A9-4A3E-B5DB-225CB2570692}.Debug|Any CPU.Build.0 = Debug|Any CPU
		{45E05F98-B3A9-4A3E-B5DB-225CB2570692}.Debug|x64.ActiveCfg = Debug|x64
		{45E05F98-B3A9-4A3E-B5DB-225CB2570692}.Debug|x64.Build.0 = Debug|x64
		{45E05F98-B3A9-4A3E-B5DB-225CB2570692}.Release|Any CPU.ActiveCfg = Release|Any CPU
		{45E05F98-B3A9-4A3E-B5DB-225CB2570692}.Release|Any CPU.Build.0 = Release|Any CPU
		{45E05F98-B3A9-4A3E-B5DB-225CB2570692}.Release|x64.ActiveCfg = Release|x64
		{45E05F98-B3A9-4A3E-B5DB-225CB2570692}.Release|x64.Build.0 = Release|x64
	EndGlobalSection
	GlobalSection(SolutionProperties) = preSolution
		HideSolutionNode = FALSE
	EndGlobalSection
	GlobalSection(NestedProjects) = preSolution
		{E6A5B803-3A16-C71E-7532-2240CA65E224} = {64BF0D0D-CB54-42BE-B0D1-DF694119B050}
		{DCCAB947-3EB7-4A20-39AF-6DB1D7437588} = {C8D5274F-AC00-46C7-1F8D-E88E81087A52}
		{A7F94112-E3EA-8BBA-A10C-190CB9BBC639} = {9C4A8043-C0FF-4ED5-A0DB-1F6F8BDD98DD}
		{F6C4B651-D3EC-7A93-A13D-C3C025BD4A71} = {F132E2EE-ECCC-47CA-9D19-06E803D21BB4}
		{9B8BCA20-1223-D588-E8D3-7D973087938B} = {9C4A8043-C0FF-4ED5-A0DB-1F6F8BDD98DD}
		{39D8790D-039B-006C-4B73-F16FFA1F4FB2} = {9C4A8043-C0FF-4ED5-A0DB-1F6F8BDD98DD}
		{E2205F7C-ECD8-514A-8E32-4D686A7FD45F} = {64BF0D0D-CB54-42BE-B0D1-DF694119B050}
		{87EF045D-03D2-01B4-A268-C24CAA5DFE5E} = {64BF0D0D-CB54-42BE-B0D1-DF694119B050}
		{F8202D8F-E451-5E93-4CB1-9299088DEE7C} = {64BF0D0D-CB54-42BE-B0D1-DF694119B050}
	EndGlobalSection
	GlobalSection(ExtensibilityGlobals) = postSolution
		SolutionGuid = {CA5F9E8E-9EB6-4F5F-9F84-8ECE72C38CBB}
	EndGlobalSection
EndGlobal
