{
  "version": 1,
  "dependencies": {
    "net8.0-windows7.0": {
      "LiveCharts.Wpf.NetCore3": {
        "type": "Direct",
        "requested": "[0.9.8, )",
        "resolved": "0.9.8",
        "contentHash": "EWwggMrRkWOdt/TdFhcs0LIXzpEuN392zGB+tLcO4UinKV13+V3NyhFoURPVP3GmQXjgrrlMDp+zyuSQeut53w==",
        "dependencies": {
          "System.Data.DataSetExtensions": "4.5.0"
        }
      },
      "LiveChartsCore.SkiaSharpView.WPF": {
        "type": "Direct",
        "requested": "[2.0.0-rc5.4, )",
        "resolved": "2.0.0-rc5.4",
        "contentHash": "TXlnj+wbmt4dXq21uFFPRg+lTjFhmMqo1Gqi+IAkNsy/UFB4cyynCmZzVFAgEzfqQ/dJ4ZKwfsXWMqbtI28NHQ==",
        "dependencies": {
          "LiveChartsCore.SkiaSharpView": "2.0.0-rc5.4",
          "SkiaSharp.HarfBuzz": "3.116.1",
          "SkiaSharp.Views.WPF": "3.116.1"
        }
      },
      "Newtonsoft.Json": {
        "type": "Direct",
        "requested": "[13.0.3, )",
        "resolved": "13.0.3",
        "contentHash": "HrC5BXdl00IP9zeV+0Z848QWPAoCr9P3bDEZguI+gkLcBKAOxix/tLEAAHC+UvDNPv4a2d18lOReHMOagPa+zQ=="
      },
      "Prism.Wpf": {
        "type": "Direct",
        "requested": "[8.1.97, )",
        "resolved": "8.1.97",
        "contentHash": "ZEa6S1mK35h8/blyb0uR0ed3wkpHtPdhB4eniXINJnTiJMWlGl/As6SVlFFdOPD+qsEdWNYV3xgyQD/ue5cvBA==",
        "dependencies": {
          "Microsoft.Xaml.Behaviors.Wpf": "1.1.31",
          "Prism.Core": "8.1.97"
        }
      },
      "HarfBuzzSharp": {
        "type": "Transitive",
        "resolved": "8.3.0.1",
        "contentHash": "rwLpl+W6uqu0DuvzqNhTMuFcXfy1Vc0uq0YXgPEmtTSfeUSAye1FcARrm2YIPOSiCBwBOGu3cLvMX5Fp6OKe2g==",
        "dependencies": {
          "HarfBuzzSharp.NativeAssets.Win32": "8.3.0.1",
          "HarfBuzzSharp.NativeAssets.macOS": "8.3.0.1"
        }
      },
      "HarfBuzzSharp.NativeAssets.macOS": {
        "type": "Transitive",
        "resolved": "8.3.0.1",
        "contentHash": "2o6U05LAmK+rwX7TvmJ2X0anXJG2hSE7kHVmCshhHy0tKfByJ5ykBacvhmmooHchlOwq15KBZeROGafCT8nN+g=="
      },
      "HarfBuzzSharp.NativeAssets.Win32": {
        "type": "Transitive",
        "resolved": "8.3.0.1",
        "contentHash": "ow0DtGEUjo65qhiI22of7qiVbN1xDFsZ5P5xJljRmGZ5WSxNy+1batLNJFGxahqhB1MTHYV8kAXf0GqC8WaevQ=="
      },
      "LiveChartsCore": {
        "type": "Transitive",
        "resolved": "2.0.0-rc5.4",
        "contentHash": "1hEEvMndEP5urodx+Epu2lwvJr0ZG246FR7jMYtE9/snYwbUKoItq6a4cTzyeyFPi9fcBsjtgwAWA8uL/2s73g=="
      },
      "LiveChartsCore.SkiaSharpView": {
        "type": "Transitive",
        "resolved": "2.0.0-rc5.4",
        "contentHash": "lpylapUJHvAagM4pmcwCvx3ObfL2FlITtI0u8LkKlLEnzhJYg17Tcxcgd6R/mItQlCdICG0PFDVNUDnZEwhFuw==",
        "dependencies": {
          "LiveChartsCore": "2.0.0-rc5.4",
          "SkiaSharp": "2.88.9",
          "SkiaSharp.HarfBuzz": "2.88.9"
        }
      },
      "Microsoft.Xaml.Behaviors.Wpf": {
        "type": "Transitive",
        "resolved": "1.1.31",
        "contentHash": "LZpuf82ACZWldmfMuv3CTUMDh3o0xo0uHUaybR5HgqVLDBJJ9RZLykplQ/bTJd0/VDt3EhD4iDgUgbdIUAM+Kg=="
      },
      "OpenTK": {
        "type": "Transitive",
        "resolved": "3.3.1",
        "contentHash": "vJ00JIs0EOEhqU3+1w6ocurNUFaewd7YXV8sixI029AQeQaht0QjDGgXm2Fk/y8A5Wtx6UsmrjJDKi4USoVeSg=="
      },
      "OpenTK.GLWpfControl": {
        "type": "Transitive",
        "resolved": "3.3.0",
        "contentHash": "viHlwA0RIYLA1EyoA+gOkfqpA9xMZV6HigVYhaHaEsYb3jk518RdCKEdFggu/P4oYUNYZmmHaUYDC9pwarkXjA==",
        "dependencies": {
          "OpenTK": "[3.3.0, 3.4.0)"
        }
      },
      "Prism.Core": {
        "type": "Transitive",
        "resolved": "8.1.97",
        "contentHash": "EP5zrvWddw3eSq25Y7hHnDYdmLZEC2Z/gMrvmHzUuLbitmA1UaS7wQUlSwNr9Km8lzJNCvytFnaGBEFukHgoHg=="
      },
      "Serilog": {
        "type": "Transitive",
        "resolved": "4.3.0",
        "contentHash": "+cDryFR0GRhsGOnZSKwaDzRRl4MupvJ42FhCE4zhQRVanX0Jpg6WuCBk59OVhVDPmab1bB+nRykAnykYELA9qQ=="
      },
      "Serilog.Sinks.Console": {
        "type": "Transitive",
        "resolved": "6.0.0",
        "contentHash": "fQGWqVMClCP2yEyTXPIinSr5c+CBGUvBybPxjAGcf7ctDhadFhrQw03Mv8rJ07/wR5PDfFjewf2LimvXCDzpbA==",
        "dependencies": {
          "Serilog": "4.0.0"
        }
      },
      "Serilog.Sinks.File": {
        "type": "Transitive",
        "resolved": "7.0.0",
        "contentHash": "fKL7mXv7qaiNBUC71ssvn/dU0k9t0o45+qm2XgKAlSt19xF+ijjxyA3R6HmCgfKEKwfcfkwWjayuQtRueZFkYw==",
        "dependencies": {
          "Serilog": "4.2.0"
        }
      },
      "SkiaSharp": {
        "type": "Transitive",
        "resolved": "3.116.1",
        "contentHash": "DNDwbRjP+aMo27dV2h/uHCVTcWubWWxHnPLiePNyl24f4Pv43mQ8AQQeseOrKR+J3AOCEs6t0sUjo0aa3j3RWQ==",
        "dependencies": {
          "SkiaSharp.NativeAssets.Win32": "3.116.1",
          "SkiaSharp.NativeAssets.macOS": "3.116.1"
        }
      },
      "SkiaSharp.HarfBuzz": {
        "type": "Transitive",
        "resolved": "3.116.1",
        "contentHash": "ibDG1+quN86vBd9ztjDAC9wnvS1nRZ6ydTUOSod4NsRHWdLLGzWYn1IOF4Cg9iJh5cQHdpzhUZBQE0JMKznrow==",
        "dependencies": {
          "HarfBuzzSharp": "8.3.0.1",
          "SkiaSharp": "3.116.1"
        }
      },
      "SkiaSharp.NativeAssets.macOS": {
        "type": "Transitive",
        "resolved": "3.116.1",
        "contentHash": "3KPvpKysDmEMt0NnAZPX5U6KFk0LmG/72/IjAIJemIksIZ0Tjs9pGpr3L+zboVCv1MLVoJLKl3nJDXUG6Jda6A=="
      },
      "SkiaSharp.NativeAssets.Win32": {
        "type": "Transitive",
        "resolved": "3.116.1",
        "contentHash": "dRQ75MCI8oz6zAs2Y1w6pq6ARs4MhdNG+gf3doOxOxdnueDXffQLGQIxON54GDoxc0WjKOoHMKBR4DhaduwwQw=="
      },
      "SkiaSharp.Views.Desktop.Common": {
        "type": "Transitive",
        "resolved": "3.116.1",
        "contentHash": "/ZDg00zVgjN/N5ghDCnP0+9TfOSmMZkMtnoQpaigsBc4Ghg9Qe+iimZuA5nrEWgaygW64LnVan+p8T1wDtS+kQ==",
        "dependencies": {
          "SkiaSharp": "3.116.1"
        }
      },
      "SkiaSharp.Views.WPF": {
        "type": "Transitive",
        "resolved": "3.116.1",
        "contentHash": "28vXtX/56h1RCmTNubJQcrVNxmx2aV8wGbyUjZOnkocNRHHfG7zoChYHTjwBt7R7TCojTo3RbLBkcP/CLtJLNw==",
        "dependencies": {
          "OpenTK": "3.3.1",
          "OpenTK.GLWpfControl": "3.3.0",
          "SkiaSharp": "3.116.1",
          "SkiaSharp.Views.Desktop.Common": "3.116.1"
        }
      },
      "System.Data.DataSetExtensions": {
        "type": "Transitive",
        "resolved": "4.5.0",
        "contentHash": "221clPs1445HkTBZPL+K9sDBdJRB8UN8rgjO3ztB0CQ26z//fmJXtlsr6whGatscsKGBrhJl5bwJuKSA8mwFOw=="
      },
      "mz.logger": {
        "type": "Project",
        "dependencies": {
          "Prism.Wpf": "[8.1.97, )",
          "Serilog": "[4.3.0, )",
          "Serilog.Sinks.Console": "[6.0.0, )",
          "Serilog.Sinks.File": "[7.0.0, )"
        }
      }
    }
  }
}