{
  "version": 1,
  "dependencies": {
    "net8.0-windows7.0": {
      "OpenCvSharp4": {
        "type": "Direct",
        "requested": "[4.11.0.20250507, )",
        "resolved": "4.11.0.20250507",
        "contentHash": "j/R+G6xGC5IV2wGRU0/GF5qG/FrP+Uxp8dmNnXFlIdiw8Gfo4mtvKcBOBfS/bn4pP/7FNHLFX/xvMtgPJeDjAA==",
        "dependencies": {
          "System.Memory": "4.6.3"
        }
      },
      "OpenCvSharp4.Extensions": {
        "type": "Direct",
        "requested": "[4.11.0.20250507, )",
        "resolved": "4.11.0.20250507",
        "contentHash": "xVA5xpgvI6cWBx+Zf+kL7NIVc8dpT6ScgHq3nV5tlMBpoG2aClKaLSFHtlPAE99ASfqNieaDzeOduJTe4V1aGw==",
        "dependencies": {
          "OpenCvSharp4": "4.11.0.20250507",
          "System.Drawing.Common": "8.0.11"
        }
      },
      "OpenCvSharp4.runtime.win": {
        "type": "Direct",
        "requested": "[4.11.0.20250507, )",
        "resolved": "4.11.0.20250507",
        "contentHash": "3PxMXyzR+pkL9UOx2PiBjZm+/iyCIu5D6OlA1sq9MH7oWrfvVnCXJlUYhIJv67F7SLUwUuGwXDIQBfdsL/54lg=="
      },
      "OpenCvSharp4.Windows": {
        "type": "Direct",
        "requested": "[4.11.0.20250507, )",
        "resolved": "4.11.0.20250507",
        "contentHash": "Vwbvv8mkK9L8kbaTpQyiguuVj7+2wbXVM2FJkJjsfEIjXjSvzt5mWX/yfYJA6aPH0Mn89FwlBtHo84Cl143C7g==",
        "dependencies": {
          "OpenCvSharp4": "4.11.0.20250507",
          "OpenCvSharp4.runtime.win": "4.11.0.20250507"
        }
      },
      "OpenCvSharp4.WpfExtensions": {
        "type": "Direct",
        "requested": "[4.11.0.20250507, )",
        "resolved": "4.11.0.20250507",
        "contentHash": "MU5V7bULZcGFPjHnOBw1VLwlVKSuEqCPpCP2JAYj/m7bD8ZWNWB1jFNW2OjnonCF01imcTJyeESO7ZDSxDmq8g==",
        "dependencies": {
          "OpenCvSharp4": "4.11.0.20250507",
          "System.Drawing.Common": "8.0.11"
        }
      },
      "Prism.Wpf": {
        "type": "Direct",
        "requested": "[8.1.97, )",
        "resolved": "8.1.97",
        "contentHash": "ZEa6S1mK35h8/blyb0uR0ed3wkpHtPdhB4eniXINJnTiJMWlGl/As6SVlFFdOPD+qsEdWNYV3xgyQD/ue5cvBA==",
        "dependencies": {
          "Microsoft.Xaml.Behaviors.Wpf": "1.1.31",
          "Prism.Core": "8.1.97"
        }
      },
      "Microsoft.Win32.SystemEvents": {
        "type": "Transitive",
        "resolved": "8.0.0",
        "contentHash": "9opKRyOKMCi2xJ7Bj7kxtZ1r9vbzosMvRrdEhVhDz8j8MoBGgB+WmC94yH839NPH+BclAjtQ/pyagvi/8gDLkw=="
      },
      "Microsoft.Xaml.Behaviors.Wpf": {
        "type": "Transitive",
        "resolved": "1.1.31",
        "contentHash": "LZpuf82ACZWldmfMuv3CTUMDh3o0xo0uHUaybR5HgqVLDBJJ9RZLykplQ/bTJd0/VDt3EhD4iDgUgbdIUAM+Kg=="
      },
      "Prism.Core": {
        "type": "Transitive",
        "resolved": "8.1.97",
        "contentHash": "EP5zrvWddw3eSq25Y7hHnDYdmLZEC2Z/gMrvmHzUuLbitmA1UaS7wQUlSwNr9Km8lzJNCvytFnaGBEFukHgoHg=="
      },
      "System.Drawing.Common": {
        "type": "Transitive",
        "resolved": "8.0.11",
        "contentHash": "AVyutHHKrX0Mt9C9T8W3Ccat3cVauUwvN+EqnVpSQi92nwBqoQ+2ZRvGP1S+rKK+6TGXmRflSYNShVjl2mMBlw==",
        "dependencies": {
          "Microsoft.Win32.SystemEvents": "8.0.0"
        }
      },
      "System.Memory": {
        "type": "Transitive",
        "resolved": "4.6.3",
        "contentHash": "qdcDOgnFZY40+Q9876JUHnlHu7bosOHX8XISRoH94fwk6hgaeQGSgfZd8srWRZNt5bV9ZW2TljcegDNxsf+96A=="
      }
    }
  }
}